
Microsoft Visual Studio Solution File, Format Version 12.00
# Visual Studio Version 16
VisualStudioVersion = 16.0.33927.289
MinimumVisualStudioVersion = 10.0.40219.1
Project("{E24C65DC-7377-472B-9ABA-BC803B73C61A}") = "Buoi04JS", "Buoi04JS\", "{90A1BEB8-4CD3-4011-8809-3ABDA715D873}"
	ProjectSection(WebsiteProperties) = preProject
		TargetFrameworkMoniker = ".NETFramework,Version%3Dv4.6.2"
		Debug.AspNetCompiler.VirtualPath = "/localhost_60921"
		Debug.AspNetCompiler.PhysicalPath = "Buoi04JS\"
		Debug.AspNetCompiler.TargetPath = "PrecompiledWeb\localhost_60921\"
		Debug.AspNetCompiler.Updateable = "true"
		Debug.AspNetCompiler.ForceOverwrite = "true"
		Debug.AspNetCompiler.FixedNames = "false"
		Debug.AspNetCompiler.Debug = "True"
		Release.AspNetCompiler.VirtualPath = "/localhost_60921"
		Release.AspNetCompiler.PhysicalPath = "Buoi04JS\"
		Release.AspNetCompiler.TargetPath = "PrecompiledWeb\localhost_60921\"
		Release.AspNetCompiler.Updateable = "true"
		Release.AspNetCompiler.ForceOverwrite = "true"
		Release.AspNetCompiler.FixedNames = "false"
		Release.AspNetCompiler.Debug = "False"
		VWDPort = "60921"
		SlnRelativePath = "Buoi04JS\"
		DefaultWebSiteLanguage = "Visual C#"
	EndProjectSection
EndProject
Global
	GlobalSection(SolutionConfigurationPlatforms) = preSolution
		Debug|Any CPU = Debug|Any CPU
	EndGlobalSection
	GlobalSection(ProjectConfigurationPlatforms) = postSolution
		{90A1BEB8-4CD3-4011-8809-3ABDA715D873}.Debug|Any CPU.ActiveCfg = Debug|Any CPU
		{90A1BEB8-4CD3-4011-8809-3ABDA715D873}.Debug|Any CPU.Build.0 = Debug|Any CPU
	EndGlobalSection
	GlobalSection(SolutionProperties) = preSolution
		HideSolutionNode = FALSE
	EndGlobalSection
	GlobalSection(ExtensibilityGlobals) = postSolution
		SolutionGuid = {83EF417F-9032-4556-B2CB-96AB8B0F6633}
	EndGlobalSection
EndGlobal
